{
  "name": "vfv",
  "version": "1.0.0",
  "lockfileVersion": 2,
  "requires": true,
  "packages": {
    "": {
      "name": "vfv",
      "version": "1.0.0",
      "license": "MIT",
      "dependencies": {
        "bufferutil": "^4.0.6",
        "color-convert": "^2.0.1",
        "decibels": "^2.0.0",
        "dsp.js": "^1.0.1",
        "fft-js": "^0.0.12",
        "fluent-ffmpeg": "^2.1.2",
        "fourier-transform": "^1.1.2",
        "jpeg-js": "^0.3.6",
        "workerpool": "^6.2.0"
      },
      "bin": {
        "vfv": "VFV.js"
      }
    },
    "node_modules/async": {
      "version": "3.2.3",
      "resolved": "https://registry.npmjs.org/async/-/async-3.2.3.tgz",
      "integrity": "sha512-spZRyzKL5l5BZQrr/6m/SqFdBN0q3OCI0f9rjfBzCMBIP4p75P620rR3gTmaksNOhmzgdxcaxdNfMy6anrbM0g=="
    },
    "node_modules/bit-twiddle": {
      "version": "1.0.2",
      "resolved": "https://registry.npmjs.org/bit-twiddle/-/bit-twiddle-1.0.2.tgz",
      "integrity": "sha1-DGwfq+KyPRcXPZpht7cJPrnhdp4="
    },
    "node_modules/bufferutil": {
      "version": "4.0.6",
      "resolved": "https://registry.npmjs.org/bufferutil/-/bufferutil-4.0.6.tgz",
      "integrity": "sha512-jduaYOYtnio4aIAyc6UbvPCVcgq7nYpVnucyxr6eCYg/Woad9Hf/oxxBRDnGGjPfjUm6j5O/uBWhIu4iLebFaw==",
      "hasInstallScript": true,
      "dependencies": {
        "node-gyp-build": "^4.3.0"
      },
      "engines": {
        "node": ">=6.14.2"
      }
    },
    "node_modules/color-convert": {
      "version": "2.0.1",
      "resolved": "https://registry.npmjs.org/color-convert/-/color-convert-2.0.1.tgz",
      "integrity": "sha512-RRECPsj7iu/xb5oKYcsFHSppFNnsj/52OVTRKb4zP5onXwVF3zVmmToNcOfGC+CRDpfK/U584fMg38ZHCaElKQ==",
      "dependencies": {
        "color-name": "~1.1.4"
      },
      "engines": {
        "node": ">=7.0.0"
      }
    },
    "node_modules/color-name": {
      "version": "1.1.4",
      "resolved": "https://registry.npmjs.org/color-name/-/color-name-1.1.4.tgz",
      "integrity": "sha512-dOy+3AuW3a2wNbZHIuMZpTcgjGuLU/uBL/ubcZF9OXbDo8ff4O8yVp5Bf0efS8uEoYo5q4Fx7dY9OgQGXgAsQA=="
    },
    "node_modules/commander": {
      "version": "2.7.1",
      "resolved": "https://registry.npmjs.org/commander/-/commander-2.7.1.tgz",
      "integrity": "sha1-XUGaK77Swy7j5Nypu0Wrg+zDBlo=",
      "dependencies": {
        "graceful-readlink": ">= 1.0.0"
      },
      "engines": {
        "node": ">= 0.6.x"
      }
    },
    "node_modules/decibels": {
      "version": "2.0.0",
      "resolved": "https://registry.npmjs.org/decibels/-/decibels-2.0.0.tgz",
      "integrity": "sha1-DQZFdDGbJjwYeMXv+5rScmEKfo0="
    },
    "node_modules/dsp.js": {
      "version": "1.0.1",
      "resolved": "https://registry.npmjs.org/dsp.js/-/dsp.js-1.0.1.tgz",
      "integrity": "sha1-AlVKIj7lFM0OImy2+4jW0LPpEwg="
    },
    "node_modules/fft-js": {
      "version": "0.0.12",
      "resolved": "https://registry.npmjs.org/fft-js/-/fft-js-0.0.12.tgz",
      "integrity": "sha512-nLOa0/SYYnN2NPcLrI81UNSPxyg3q0sGiltfe9G1okg0nxs5CqAwtmaqPQdGcOryeGURaCoQx8Y4AUkhGTh7IQ==",
      "dependencies": {
        "bit-twiddle": "~1.0.2",
        "commander": "~2.7.1"
      },
      "engines": {
        "node": ">=0.12.0"
      }
    },
    "node_modules/fluent-ffmpeg": {
      "version": "2.1.2",
      "resolved": "https://registry.npmjs.org/fluent-ffmpeg/-/fluent-ffmpeg-2.1.2.tgz",
      "integrity": "sha1-yVLeIkD4EuvaCqgAbXd27irPfXQ=",
      "dependencies": {
        "async": ">=0.2.9",
        "which": "^1.1.1"
      },
      "engines": {
        "node": ">=0.8.0"
      }
    },
    "node_modules/fourier-transform": {
      "version": "1.1.2",
      "resolved": "https://registry.npmjs.org/fourier-transform/-/fourier-transform-1.1.2.tgz",
      "integrity": "sha1-U5J876hpWOsf0hSK9GxtP8Xnm2Q="
    },
    "node_modules/graceful-readlink": {
      "version": "1.0.1",
      "resolved": "https://registry.npmjs.org/graceful-readlink/-/graceful-readlink-1.0.1.tgz",
      "integrity": "sha1-TK+tdrxi8C+gObL5Tpo906ORpyU="
    },
    "node_modules/isexe": {
      "version": "2.0.0",
      "resolved": "https://registry.npmjs.org/isexe/-/isexe-2.0.0.tgz",
      "integrity": "sha1-6PvzdNxVb/iUehDcsFctYz8s+hA="
    },
    "node_modules/jpeg-js": {
      "version": "0.3.7",
      "resolved": "https://registry.npmjs.org/jpeg-js/-/jpeg-js-0.3.7.tgz",
      "integrity": "sha512-9IXdWudL61npZjvLuVe/ktHiA41iE8qFyLB+4VDTblEsWBzeg8WQTlktdUK4CdncUqtUgUg0bbOmTE2bKBKaBQ=="
    },
    "node_modules/node-gyp-build": {
      "version": "4.3.0",
      "resolved": "https://registry.npmjs.org/node-gyp-build/-/node-gyp-build-4.3.0.tgz",
      "integrity": "sha512-iWjXZvmboq0ja1pUGULQBexmxq8CV4xBhX7VDOTbL7ZR4FOowwY/VOtRxBN/yKxmdGoIp4j5ysNT4u3S2pDQ3Q==",
      "bin": {
        "node-gyp-build": "bin.js",
        "node-gyp-build-optional": "optional.js",
        "node-gyp-build-test": "build-test.js"
      }
    },
    "node_modules/which": {
      "version": "1.3.1",
      "resolved": "https://registry.npmjs.org/which/-/which-1.3.1.tgz",
      "integrity": "sha512-HxJdYWq1MTIQbJ3nw0cqssHoTNU267KlrDuGZ1WYlxDStUtKUhOaJmh112/TZmHxxUfuJqPXSOm7tDyas0OSIQ==",
      "dependencies": {
        "isexe": "^2.0.0"
      },
      "bin": {
        "which": "bin/which"
      }
    },
    "node_modules/workerpool": {
      "version": "6.2.0",
      "resolved": "https://registry.npmjs.org/workerpool/-/workerpool-6.2.0.tgz",
      "integrity": "sha512-Rsk5qQHJ9eowMH28Jwhe8HEbmdYDX4lwoMWshiCXugjtHqMD9ZbiqSDLxcsfdqsETPzVUtX5s1Z5kStiIM6l4A=="
    }
  },
  "dependencies": {
    "async": {
      "version": "3.2.3",
      "resolved": "https://registry.npmjs.org/async/-/async-3.2.3.tgz",
      "integrity": "sha512-spZRyzKL5l5BZQrr/6m/SqFdBN0q3OCI0f9rjfBzCMBIP4p75P620rR3gTmaksNOhmzgdxcaxdNfMy6anrbM0g=="
    },
    "bit-twiddle": {
      "version": "1.0.2",
      "resolved": "https://registry.npmjs.org/bit-twiddle/-/bit-twiddle-1.0.2.tgz",
      "integrity": "sha1-DGwfq+KyPRcXPZpht7cJPrnhdp4="
    },
    "bufferutil": {
      "version": "4.0.6",
      "resolved": "https://registry.npmjs.org/bufferutil/-/bufferutil-4.0.6.tgz",
      "integrity": "sha512-jduaYOYtnio4aIAyc6UbvPCVcgq7nYpVnucyxr6eCYg/Woad9Hf/oxxBRDnGGjPfjUm6j5O/uBWhIu4iLebFaw==",
      "requires": {
        "node-gyp-build": "^4.3.0"
      }
    },
    "color-convert": {
      "version": "2.0.1",
      "resolved": "https://registry.npmjs.org/color-convert/-/color-convert-2.0.1.tgz",
      "integrity": "sha512-RRECPsj7iu/xb5oKYcsFHSppFNnsj/52OVTRKb4zP5onXwVF3zVmmToNcOfGC+CRDpfK/U584fMg38ZHCaElKQ==",
      "requires": {
        "color-name": "~1.1.4"
      }
    },
    "color-name": {
      "version": "1.1.4",
      "resolved": "https://registry.npmjs.org/color-name/-/color-name-1.1.4.tgz",
      "integrity": "sha512-dOy+3AuW3a2wNbZHIuMZpTcgjGuLU/uBL/ubcZF9OXbDo8ff4O8yVp5Bf0efS8uEoYo5q4Fx7dY9OgQGXgAsQA=="
    },
    "commander": {
      "version": "2.7.1",
      "resolved": "https://registry.npmjs.org/commander/-/commander-2.7.1.tgz",
      "integrity": "sha1-XUGaK77Swy7j5Nypu0Wrg+zDBlo=",
      "requires": {
        "graceful-readlink": ">= 1.0.0"
      }
    },
    "decibels": {
      "version": "2.0.0",
      "resolved": "https://registry.npmjs.org/decibels/-/decibels-2.0.0.tgz",
      "integrity": "sha1-DQZFdDGbJjwYeMXv+5rScmEKfo0="
    },
    "dsp.js": {
      "version": "1.0.1",
      "resolved": "https://registry.npmjs.org/dsp.js/-/dsp.js-1.0.1.tgz",
      "integrity": "sha1-AlVKIj7lFM0OImy2+4jW0LPpEwg="
    },
    "fft-js": {
      "version": "0.0.12",
      "resolved": "https://registry.npmjs.org/fft-js/-/fft-js-0.0.12.tgz",
      "integrity": "sha512-nLOa0/SYYnN2NPcLrI81UNSPxyg3q0sGiltfe9G1okg0nxs5CqAwtmaqPQdGcOryeGURaCoQx8Y4AUkhGTh7IQ==",
      "requires": {
        "bit-twiddle": "~1.0.2",
        "commander": "~2.7.1"
      }
    },
    "fluent-ffmpeg": {
      "version": "2.1.2",
      "resolved": "https://registry.npmjs.org/fluent-ffmpeg/-/fluent-ffmpeg-2.1.2.tgz",
      "integrity": "sha1-yVLeIkD4EuvaCqgAbXd27irPfXQ=",
      "requires": {
        "async": ">=0.2.9",
        "which": "^1.1.1"
      }
    },
    "fourier-transform": {
      "version": "1.1.2",
      "resolved": "https://registry.npmjs.org/fourier-transform/-/fourier-transform-1.1.2.tgz",
      "integrity": "sha1-U5J876hpWOsf0hSK9GxtP8Xnm2Q="
    },
    "graceful-readlink": {
      "version": "1.0.1",
      "resolved": "https://registry.npmjs.org/graceful-readlink/-/graceful-readlink-1.0.1.tgz",
      "integrity": "sha1-TK+tdrxi8C+gObL5Tpo906ORpyU="
    },
    "isexe": {
      "version": "2.0.0",
      "resolved": "https://registry.npmjs.org/isexe/-/isexe-2.0.0.tgz",
      "integrity": "sha1-6PvzdNxVb/iUehDcsFctYz8s+hA="
    },
    "jpeg-js": {
      "version": "0.3.7",
      "resolved": "https://registry.npmjs.org/jpeg-js/-/jpeg-js-0.3.7.tgz",
      "integrity": "sha512-9IXdWudL61npZjvLuVe/ktHiA41iE8qFyLB+4VDTblEsWBzeg8WQTlktdUK4CdncUqtUgUg0bbOmTE2bKBKaBQ=="
    },
    "node-gyp-build": {
      "version": "4.3.0",
      "resolved": "https://registry.npmjs.org/node-gyp-build/-/node-gyp-build-4.3.0.tgz",
      "integrity": "sha512-iWjXZvmboq0ja1pUGULQBexmxq8CV4xBhX7VDOTbL7ZR4FOowwY/VOtRxBN/yKxmdGoIp4j5ysNT4u3S2pDQ3Q=="
    },
    "which": {
      "version": "1.3.1",
      "resolved": "https://registry.npmjs.org/which/-/which-1.3.1.tgz",
      "integrity": "sha512-HxJdYWq1MTIQbJ3nw0cqssHoTNU267KlrDuGZ1WYlxDStUtKUhOaJmh112/TZmHxxUfuJqPXSOm7tDyas0OSIQ==",
      "requires": {
        "isexe": "^2.0.0"
      }
    },
    "workerpool": {
      "version": "6.2.0",
      "resolved": "https://registry.npmjs.org/workerpool/-/workerpool-6.2.0.tgz",
      "integrity": "sha512-Rsk5qQHJ9eowMH28Jwhe8HEbmdYDX4lwoMWshiCXugjtHqMD9ZbiqSDLxcsfdqsETPzVUtX5s1Z5kStiIM6l4A=="
    }
  }
}
